
Microsoft Visual Studio Solution File, Format Version 12.00
# Visual Studio Version 16
VisualStudioVersion = 16.0.31624.102
MinimumVisualStudioVersion = 10.0.40219.1
Project("{9A19103F-16F7-4668-BE54-9A1E7A4F7556}") = "RunLengthEncoding", "RunLengthEncoding.csproj", "{A323BC48-A631-4398-98E1-B00381C2266A}"
EndProject
Global
	GlobalSection(SolutionConfigurationPlatforms) = preSolution
		Debug|Any CPU = Debug|Any CPU
		Release|Any CPU = Release|Any CPU
	EndGlobalSection
	GlobalSection(ProjectConfigurationPlatforms) = postSolution
		{A323BC48-A631-4398-98E1-B00381C2266A}.Debug|Any CPU.ActiveCfg = Debug|Any CPU
		{A323BC48-A631-4398-98E1-B00381C2266A}.Debug|Any CPU.Build.0 = Debug|Any CPU
		{A323BC48-A631-4398-98E1-B00381C2266A}.Release|Any CPU.ActiveCfg = Release|Any CPU
		{A323BC48-A631-4398-98E1-B00381C2266A}.Release|Any CPU.Build.0 = Release|Any CPU
	EndGlobalSection
	GlobalSection(SolutionProperties) = preSolution
		HideSolutionNode = FALSE
	EndGlobalSection
	GlobalSection(ExtensibilityGlobals) = postSolution
		SolutionGuid = {0C73BE64-B765-49A2-97F6-824B7B9F2D6D}
	EndGlobalSection
EndGlobal
